
Microsoft Visual Studio Solution File, Format Version 12.00
# Visual Studio 15
VisualStudioVersion = 15.0.27703.2035
MinimumVisualStudioVersion = 10.0.40219.1
Project("{9A19103F-16F7-4668-BE54-9A1E7A4F7556}") = "StockTracker.Repository", "StockTracker\StockTracker.Repository.csproj", "{FB13976D-1CFF-4F36-B9F8-591C21D6EC3E}"
EndProject
Project("{9A19103F-16F7-4668-BE54-9A1E7A4F7556}") = "StockTracker.Repository.Test", "StockTracker.Tests\StockTracker.Repository.Test.csproj", "{78828F3A-0EA1-4CDE-AB2E-D70513CB3E2B}"
EndProject
Project("{9A19103F-16F7-4668-BE54-9A1E7A4F7556}") = "StockTracker.Interface", "StockTracker.Interface\StockTracker.Interface.csproj", "{A8B6E0C9-78CC-42A6-B8BA-48E89E5C4AFF}"
EndProject
Project("{9A19103F-16F7-4668-BE54-9A1E7A4F7556}") = "StockTracker.Context", "StockTracker.Context\StockTracker.Context.csproj", "{1A609AE0-4E53-4C7C-BBC4-4F603E1D7DCB}"
EndProject
Project("{9A19103F-16F7-4668-BE54-9A1E7A4F7556}") = "StockTracker.Model", "StockTracker.Model\StockTracker.Model.csproj", "{A1146CB2-C46C-4EDD-A295-054DAA6B4320}"
EndProject
Project("{9A19103F-16F7-4668-BE54-9A1E7A4F7556}") = "StockTracker.Seed", "StockTracker.Seed\StockTracker.Seed.csproj", "{20B020AD-7782-4F4C-BF36-85A3155AE5A0}"
EndProject
Project("{9A19103F-16F7-4668-BE54-9A1E7A4F7556}") = "StockTracker.Extensions", "StockTracker.Extensions\StockTracker.Extensions.csproj", "{8D20887C-373B-4967-9901-84AD25B76D16}"
EndProject
Project("{9A19103F-16F7-4668-BE54-9A1E7A4F7556}") = "StockTracker.BuisnessLogic", "StockTracker.BuisnessLogic\StockTracker.BuisnessLogic.csproj", "{8CE39685-9E7D-48F9-9CD0-209665BB43AE}"
EndProject
Project("{9A19103F-16F7-4668-BE54-9A1E7A4F7556}") = "StockTracker.BusinessLogic.Interface", "StockTracker.BusinessLogic.Inteface\StockTracker.BusinessLogic.Interface.csproj", "{65285322-DEB8-4BFE-8ECB-A6BE879CA149}"
EndProject
Project("{9A19103F-16F7-4668-BE54-9A1E7A4F7556}") = "StockTracker.Repository.Interface", "StockTracker.Repository.Interface\StockTracker.Repository.Interface.csproj", "{2BF00EC7-844B-4935-BBCF-F01326B84712}"
EndProject
Project("{9A19103F-16F7-4668-BE54-9A1E7A4F7556}") = "StockTracker.BusinessLogic.Test", "StockTracker.BusinessLogic.Test\StockTracker.BusinessLogic.Test.csproj", "{FD24C3CB-1F1C-48A6-9F03-29ED6E5C2DAD}"
EndProject
Project("{9A19103F-16F7-4668-BE54-9A1E7A4F7556}") = "StockTracker.Extensions.Test", "StockTracker.Extensions.Test\StockTracker.Extensions.Test.csproj", "{BDBECC45-54A6-4D7D-A04D-2A3DCE5F377A}"
EndProject
Project("{9A19103F-16F7-4668-BE54-9A1E7A4F7556}") = "StockTracker.API", "StockTracker.API\StockTracker.API.csproj", "{F6CE4A11-7E99-4B19-972C-53C8DC1288DD}"
EndProject
Project("{9A19103F-16F7-4668-BE54-9A1E7A4F7556}") = "StockTracker.API.Test", "StockTracker.API.Test\StockTracker.API.Test.csproj", "{CEA14A08-04D0-442C-8F2D-E3CBDA4892D9}"
EndProject
Project("{9A19103F-16F7-4668-BE54-9A1E7A4F7556}") = "StockTracker.API.Interface", "StockTracker.API.Interface\StockTracker.API.Interface.csproj", "{5DF28E41-A082-486F-A954-E6D10E286C68}"
EndProject
Project("{9A19103F-16F7-4668-BE54-9A1E7A4F7556}") = "StockTracker.ViewModel", "StockTracker.ViewModel\StockTracker.ViewModel.csproj", "{4D026BC9-FFFE-4C2B-92D1-D8754F24D195}"
EndProject
Project("{FAE04EC0-301F-11D3-BF4B-00C04F79EFBC}") = "StockTracker.Adapter.Interface", "StockTracker.Adapter.Interface\StockTracker.Adapter.Interface.csproj", "{90DBA4D9-948C-4555-AA87-B84488E689E9}"
EndProject
Project("{FAE04EC0-301F-11D3-BF4B-00C04F79EFBC}") = "StockTracker.Adapter", "StockTracker.Adapter\StockTracker.Adapter.csproj", "{7DFF04D9-C38C-4BC0-AA22-E0A9B8DBE13F}"
EndProject
Global
	GlobalSection(SolutionConfigurationPlatforms) = preSolution
		Debug|Any CPU = Debug|Any CPU
		Release|Any CPU = Release|Any CPU
	EndGlobalSection
	GlobalSection(ProjectConfigurationPlatforms) = postSolution
		{FB13976D-1CFF-4F36-B9F8-591C21D6EC3E}.Debug|Any CPU.ActiveCfg = Debug|Any CPU
		{FB13976D-1CFF-4F36-B9F8-591C21D6EC3E}.Debug|Any CPU.Build.0 = Debug|Any CPU
		{FB13976D-1CFF-4F36-B9F8-591C21D6EC3E}.Release|Any CPU.ActiveCfg = Release|Any CPU
		{FB13976D-1CFF-4F36-B9F8-591C21D6EC3E}.Release|Any CPU.Build.0 = Release|Any CPU
		{78828F3A-0EA1-4CDE-AB2E-D70513CB3E2B}.Debug|Any CPU.ActiveCfg = Debug|Any CPU
		{78828F3A-0EA1-4CDE-AB2E-D70513CB3E2B}.Debug|Any CPU.Build.0 = Debug|Any CPU
		{78828F3A-0EA1-4CDE-AB2E-D70513CB3E2B}.Release|Any CPU.ActiveCfg = Release|Any CPU
		{78828F3A-0EA1-4CDE-AB2E-D70513CB3E2B}.Release|Any CPU.Build.0 = Release|Any CPU
		{A8B6E0C9-78CC-42A6-B8BA-48E89E5C4AFF}.Debug|Any CPU.ActiveCfg = Debug|Any CPU
		{A8B6E0C9-78CC-42A6-B8BA-48E89E5C4AFF}.Debug|Any CPU.Build.0 = Debug|Any CPU
		{A8B6E0C9-78CC-42A6-B8BA-48E89E5C4AFF}.Release|Any CPU.ActiveCfg = Release|Any CPU
		{A8B6E0C9-78CC-42A6-B8BA-48E89E5C4AFF}.Release|Any CPU.Build.0 = Release|Any CPU
		{1A609AE0-4E53-4C7C-BBC4-4F603E1D7DCB}.Debug|Any CPU.ActiveCfg = Debug|Any CPU
		{1A609AE0-4E53-4C7C-BBC4-4F603E1D7DCB}.Debug|Any CPU.Build.0 = Debug|Any CPU
		{1A609AE0-4E53-4C7C-BBC4-4F603E1D7DCB}.Release|Any CPU.ActiveCfg = Release|Any CPU
		{1A609AE0-4E53-4C7C-BBC4-4F603E1D7DCB}.Release|Any CPU.Build.0 = Release|Any CPU
		{A1146CB2-C46C-4EDD-A295-054DAA6B4320}.Debug|Any CPU.ActiveCfg = Debug|Any CPU
		{A1146CB2-C46C-4EDD-A295-054DAA6B4320}.Debug|Any CPU.Build.0 = Debug|Any CPU
		{A1146CB2-C46C-4EDD-A295-054DAA6B4320}.Release|Any CPU.ActiveCfg = Release|Any CPU
		{A1146CB2-C46C-4EDD-A295-054DAA6B4320}.Release|Any CPU.Build.0 = Release|Any CPU
		{20B020AD-7782-4F4C-BF36-85A3155AE5A0}.Debug|Any CPU.ActiveCfg = Debug|Any CPU
		{20B020AD-7782-4F4C-BF36-85A3155AE5A0}.Debug|Any CPU.Build.0 = Debug|Any CPU
		{20B020AD-7782-4F4C-BF36-85A3155AE5A0}.Release|Any CPU.ActiveCfg = Release|Any CPU
		{20B020AD-7782-4F4C-BF36-85A3155AE5A0}.Release|Any CPU.Build.0 = Release|Any CPU
		{8D20887C-373B-4967-9901-84AD25B76D16}.Debug|Any CPU.ActiveCfg = Debug|Any CPU
		{8D20887C-373B-4967-9901-84AD25B76D16}.Debug|Any CPU.Build.0 = Debug|Any CPU
		{8D20887C-373B-4967-9901-84AD25B76D16}.Release|Any CPU.ActiveCfg = Release|Any CPU
		{8D20887C-373B-4967-9901-84AD25B76D16}.Release|Any CPU.Build.0 = Release|Any CPU
		{8CE39685-9E7D-48F9-9CD0-209665BB43AE}.Debug|Any CPU.ActiveCfg = Debug|Any CPU
		{8CE39685-9E7D-48F9-9CD0-209665BB43AE}.Debug|Any CPU.Build.0 = Debug|Any CPU
		{8CE39685-9E7D-48F9-9CD0-209665BB43AE}.Release|Any CPU.ActiveCfg = Release|Any CPU
		{8CE39685-9E7D-48F9-9CD0-209665BB43AE}.Release|Any CPU.Build.0 = Release|Any CPU
		{65285322-DEB8-4BFE-8ECB-A6BE879CA149}.Debug|Any CPU.ActiveCfg = Debug|Any CPU
		{65285322-DEB8-4BFE-8ECB-A6BE879CA149}.Debug|Any CPU.Build.0 = Debug|Any CPU
		{65285322-DEB8-4BFE-8ECB-A6BE879CA149}.Release|Any CPU.ActiveCfg = Release|Any CPU
		{65285322-DEB8-4BFE-8ECB-A6BE879CA149}.Release|Any CPU.Build.0 = Release|Any CPU
		{2BF00EC7-844B-4935-BBCF-F01326B84712}.Debug|Any CPU.ActiveCfg = Debug|Any CPU
		{2BF00EC7-844B-4935-BBCF-F01326B84712}.Debug|Any CPU.Build.0 = Debug|Any CPU
		{2BF00EC7-844B-4935-BBCF-F01326B84712}.Release|Any CPU.ActiveCfg = Release|Any CPU
		{2BF00EC7-844B-4935-BBCF-F01326B84712}.Release|Any CPU.Build.0 = Release|Any CPU
		{FD24C3CB-1F1C-48A6-9F03-29ED6E5C2DAD}.Debug|Any CPU.ActiveCfg = Debug|Any CPU
		{FD24C3CB-1F1C-48A6-9F03-29ED6E5C2DAD}.Debug|Any CPU.Build.0 = Debug|Any CPU
		{FD24C3CB-1F1C-48A6-9F03-29ED6E5C2DAD}.Release|Any CPU.ActiveCfg = Release|Any CPU
		{FD24C3CB-1F1C-48A6-9F03-29ED6E5C2DAD}.Release|Any CPU.Build.0 = Release|Any CPU
		{BDBECC45-54A6-4D7D-A04D-2A3DCE5F377A}.Debug|Any CPU.ActiveCfg = Debug|Any CPU
		{BDBECC45-54A6-4D7D-A04D-2A3DCE5F377A}.Debug|Any CPU.Build.0 = Debug|Any CPU
		{BDBECC45-54A6-4D7D-A04D-2A3DCE5F377A}.Release|Any CPU.ActiveCfg = Release|Any CPU
		{BDBECC45-54A6-4D7D-A04D-2A3DCE5F377A}.Release|Any CPU.Build.0 = Release|Any CPU
		{F6CE4A11-7E99-4B19-972C-53C8DC1288DD}.Debug|Any CPU.ActiveCfg = Debug|Any CPU
		{F6CE4A11-7E99-4B19-972C-53C8DC1288DD}.Debug|Any CPU.Build.0 = Debug|Any CPU
		{F6CE4A11-7E99-4B19-972C-53C8DC1288DD}.Release|Any CPU.ActiveCfg = Release|Any CPU
		{F6CE4A11-7E99-4B19-972C-53C8DC1288DD}.Release|Any CPU.Build.0 = Release|Any CPU
		{CEA14A08-04D0-442C-8F2D-E3CBDA4892D9}.Debug|Any CPU.ActiveCfg = Debug|Any CPU
		{CEA14A08-04D0-442C-8F2D-E3CBDA4892D9}.Debug|Any CPU.Build.0 = Debug|Any CPU
		{CEA14A08-04D0-442C-8F2D-E3CBDA4892D9}.Release|Any CPU.ActiveCfg = Release|Any CPU
		{CEA14A08-04D0-442C-8F2D-E3CBDA4892D9}.Release|Any CPU.Build.0 = Release|Any CPU
		{5DF28E41-A082-486F-A954-E6D10E286C68}.Debug|Any CPU.ActiveCfg = Debug|Any CPU
		{5DF28E41-A082-486F-A954-E6D10E286C68}.Debug|Any CPU.Build.0 = Debug|Any CPU
		{5DF28E41-A082-486F-A954-E6D10E286C68}.Release|Any CPU.ActiveCfg = Release|Any CPU
		{5DF28E41-A082-486F-A954-E6D10E286C68}.Release|Any CPU.Build.0 = Release|Any CPU
		{4D026BC9-FFFE-4C2B-92D1-D8754F24D195}.Debug|Any CPU.ActiveCfg = Debug|Any CPU
		{4D026BC9-FFFE-4C2B-92D1-D8754F24D195}.Debug|Any CPU.Build.0 = Debug|Any CPU
		{4D026BC9-FFFE-4C2B-92D1-D8754F24D195}.Release|Any CPU.ActiveCfg = Release|Any CPU
		{4D026BC9-FFFE-4C2B-92D1-D8754F24D195}.Release|Any CPU.Build.0 = Release|Any CPU
		{90DBA4D9-948C-4555-AA87-B84488E689E9}.Debug|Any CPU.ActiveCfg = Debug|Any CPU
		{90DBA4D9-948C-4555-AA87-B84488E689E9}.Debug|Any CPU.Build.0 = Debug|Any CPU
		{90DBA4D9-948C-4555-AA87-B84488E689E9}.Release|Any CPU.ActiveCfg = Release|Any CPU
		{90DBA4D9-948C-4555-AA87-B84488E689E9}.Release|Any CPU.Build.0 = Release|Any CPU
		{7DFF04D9-C38C-4BC0-AA22-E0A9B8DBE13F}.Debug|Any CPU.ActiveCfg = Debug|Any CPU
		{7DFF04D9-C38C-4BC0-AA22-E0A9B8DBE13F}.Debug|Any CPU.Build.0 = Debug|Any CPU
		{7DFF04D9-C38C-4BC0-AA22-E0A9B8DBE13F}.Release|Any CPU.ActiveCfg = Release|Any CPU
		{7DFF04D9-C38C-4BC0-AA22-E0A9B8DBE13F}.Release|Any CPU.Build.0 = Release|Any CPU
	EndGlobalSection
	GlobalSection(SolutionProperties) = preSolution
		HideSolutionNode = FALSE
	EndGlobalSection
	GlobalSection(ExtensibilityGlobals) = postSolution
		SolutionGuid = {86534ACC-9944-4EEF-9B67-622E065C557F}
	EndGlobalSection
EndGlobal
